<?xml version="1.0" encoding="UTF-8"?>
<CodeBlocks_project_file>
	<FileVersion major="1" minor="6"/>
	<Project>
		<Option title="ng5"/>
		<Option makefile_is_custom="1"/>
		<Option compiler="gcc"/>
		<Option virtualFolders="CMake Files\;CMake Files\cmake\;CMake Files\cmake\modules\;CMake Files\tests\;"/>
		<Build>
			<Target title="all">
				<Option working_dir="/Users/marcus/git/ng5"/>
				<Option type="4"/>
				<MakeCommands>
					<Build command="/usr/bin/make -j8 -f &quot;/Users/marcus/git/ng5/Makefile&quot;  VERBOSE=1 all"/>
					<CompileFile command="/usr/bin/make -j8 -f &quot;/Users/marcus/git/ng5/Makefile&quot;  VERBOSE=1 &quot;$file&quot;"/>
					<Clean command="/usr/bin/make -j8 -f &quot;/Users/marcus/git/ng5/Makefile&quot;  VERBOSE=1 clean"/>
					<DistClean command="/usr/bin/make -j8 -f &quot;/Users/marcus/git/ng5/Makefile&quot;  VERBOSE=1 clean"/>
				</MakeCommands>
			</Target>
			<Target title="test">
				<Option working_dir="/Users/marcus/git/ng5"/>
				<Option type="4"/>
				<MakeCommands>
					<Build command="/usr/bin/make -j8 -f &quot;/Users/marcus/git/ng5/Makefile&quot;  VERBOSE=1 test"/>
					<CompileFile command="/usr/bin/make -j8 -f &quot;/Users/marcus/git/ng5/Makefile&quot;  VERBOSE=1 &quot;$file&quot;"/>
					<Clean command="/usr/bin/make -j8 -f &quot;/Users/marcus/git/ng5/Makefile&quot;  VERBOSE=1 clean"/>
					<DistClean command="/usr/bin/make -j8 -f &quot;/Users/marcus/git/ng5/Makefile&quot;  VERBOSE=1 clean"/>
				</MakeCommands>
			</Target>
			<Target title="rebuild_cache">
				<Option working_dir="/Users/marcus/git/ng5"/>
				<Option type="4"/>
				<MakeCommands>
					<Build command="/usr/bin/make -j8 -f &quot;/Users/marcus/git/ng5/Makefile&quot;  VERBOSE=1 rebuild_cache"/>
					<CompileFile command="/usr/bin/make -j8 -f &quot;/Users/marcus/git/ng5/Makefile&quot;  VERBOSE=1 &quot;$file&quot;"/>
					<Clean command="/usr/bin/make -j8 -f &quot;/Users/marcus/git/ng5/Makefile&quot;  VERBOSE=1 clean"/>
					<DistClean command="/usr/bin/make -j8 -f &quot;/Users/marcus/git/ng5/Makefile&quot;  VERBOSE=1 clean"/>
				</MakeCommands>
			</Target>
			<Target title="edit_cache">
				<Option working_dir="/Users/marcus/git/ng5"/>
				<Option type="4"/>
				<MakeCommands>
					<Build command="/usr/bin/make -j8 -f &quot;/Users/marcus/git/ng5/Makefile&quot;  VERBOSE=1 edit_cache"/>
					<CompileFile command="/usr/bin/make -j8 -f &quot;/Users/marcus/git/ng5/Makefile&quot;  VERBOSE=1 &quot;$file&quot;"/>
					<Clean command="/usr/bin/make -j8 -f &quot;/Users/marcus/git/ng5/Makefile&quot;  VERBOSE=1 clean"/>
					<DistClean command="/usr/bin/make -j8 -f &quot;/Users/marcus/git/ng5/Makefile&quot;  VERBOSE=1 clean"/>
				</MakeCommands>
			</Target>
			<Target title="compare_cpp">
				<Option output="/Users/marcus/git/ng5/cmake-build-debug/compare_cpp" prefix_auto="0" extension_auto="0"/>
				<Option working_dir="/Users/marcus/git/ng5/cmake-build-debug"/>
				<Option object_output="./"/>
				<Option type="1"/>
				<Option compiler="gcc"/>
				<Compiler>
					<Add directory="/usr/local/include"/>
					<Add directory="/usr/src/apr-1"/>
					<Add directory="/Applications/Xcode.app/Contents/Developer/Toolchains/XcodeDefault.xctoolchain/usr/src/c++/v1"/>
					<Add directory="/usr/local/src"/>
					<Add directory="/Applications/Xcode.app/Contents/Developer/Toolchains/XcodeDefault.xctoolchain/usr/lib/clang/9.1.0/src"/>
					<Add directory="/Applications/Xcode.app/Contents/Developer/Toolchains/XcodeDefault.xctoolchain/usr/src"/>
					<Add directory="/usr/src"/>
					<Add directory="/System/Library/Frameworks"/>
					<Add directory="/Library/Frameworks"/>
				</Compiler>
				<MakeCommands>
					<Build command="/usr/bin/make -j8 -f &quot;/Users/marcus/git/ng5/Makefile&quot;  VERBOSE=1 compare_cpp"/>
					<CompileFile command="/usr/bin/make -j8 -f &quot;/Users/marcus/git/ng5/Makefile&quot;  VERBOSE=1 &quot;$file&quot;"/>
					<Clean command="/usr/bin/make -j8 -f &quot;/Users/marcus/git/ng5/Makefile&quot;  VERBOSE=1 clean"/>
					<DistClean command="/usr/bin/make -j8 -f &quot;/Users/marcus/git/ng5/Makefile&quot;  VERBOSE=1 clean"/>
				</MakeCommands>
			</Target>
			<Target title="compare_cpp/fast">
				<Option output="/Users/marcus/git/ng5/cmake-build-debug/compare_cpp" prefix_auto="0" extension_auto="0"/>
				<Option working_dir="/Users/marcus/git/ng5/cmake-build-debug"/>
				<Option object_output="./"/>
				<Option type="1"/>
				<Option compiler="gcc"/>
				<Compiler>
					<Add directory="/usr/local/include"/>
					<Add directory="/usr/src/apr-1"/>
					<Add directory="/Applications/Xcode.app/Contents/Developer/Toolchains/XcodeDefault.xctoolchain/usr/src/c++/v1"/>
					<Add directory="/usr/local/src"/>
					<Add directory="/Applications/Xcode.app/Contents/Developer/Toolchains/XcodeDefault.xctoolchain/usr/lib/clang/9.1.0/src"/>
					<Add directory="/Applications/Xcode.app/Contents/Developer/Toolchains/XcodeDefault.xctoolchain/usr/src"/>
					<Add directory="/usr/src"/>
					<Add directory="/System/Library/Frameworks"/>
					<Add directory="/Library/Frameworks"/>
				</Compiler>
				<MakeCommands>
					<Build command="/usr/bin/make -j8 -f &quot;/Users/marcus/git/ng5/Makefile&quot;  VERBOSE=1 compare_cpp/fast"/>
					<CompileFile command="/usr/bin/make -j8 -f &quot;/Users/marcus/git/ng5/Makefile&quot;  VERBOSE=1 &quot;$file&quot;"/>
					<Clean command="/usr/bin/make -j8 -f &quot;/Users/marcus/git/ng5/Makefile&quot;  VERBOSE=1 clean"/>
					<DistClean command="/usr/bin/make -j8 -f &quot;/Users/marcus/git/ng5/Makefile&quot;  VERBOSE=1 clean"/>
				</MakeCommands>
			</Target>
			<Target title="ng5">
				<Option output="/Users/marcus/git/ng5/cmake-build-debug/ng5" prefix_auto="0" extension_auto="0"/>
				<Option working_dir="/Users/marcus/git/ng5/cmake-build-debug"/>
				<Option object_output="./"/>
				<Option type="1"/>
				<Option compiler="gcc"/>
				<Compiler>
					<Add directory="/usr/local/include"/>
					<Add directory="/usr/src/apr-1"/>
					<Add directory="/Applications/Xcode.app/Contents/Developer/Toolchains/XcodeDefault.xctoolchain/usr/src/c++/v1"/>
					<Add directory="/usr/local/src"/>
					<Add directory="/Applications/Xcode.app/Contents/Developer/Toolchains/XcodeDefault.xctoolchain/usr/lib/clang/9.1.0/src"/>
					<Add directory="/Applications/Xcode.app/Contents/Developer/Toolchains/XcodeDefault.xctoolchain/usr/src"/>
					<Add directory="/usr/src"/>
					<Add directory="/System/Library/Frameworks"/>
					<Add directory="/Library/Frameworks"/>
				</Compiler>
				<MakeCommands>
					<Build command="/usr/bin/make -j8 -f &quot;/Users/marcus/git/ng5/Makefile&quot;  VERBOSE=1 ng5"/>
					<CompileFile command="/usr/bin/make -j8 -f &quot;/Users/marcus/git/ng5/Makefile&quot;  VERBOSE=1 &quot;$file&quot;"/>
					<Clean command="/usr/bin/make -j8 -f &quot;/Users/marcus/git/ng5/Makefile&quot;  VERBOSE=1 clean"/>
					<DistClean command="/usr/bin/make -j8 -f &quot;/Users/marcus/git/ng5/Makefile&quot;  VERBOSE=1 clean"/>
				</MakeCommands>
			</Target>
			<Target title="ng5/fast">
				<Option output="/Users/marcus/git/ng5/cmake-build-debug/ng5" prefix_auto="0" extension_auto="0"/>
				<Option working_dir="/Users/marcus/git/ng5/cmake-build-debug"/>
				<Option object_output="./"/>
				<Option type="1"/>
				<Option compiler="gcc"/>
				<Compiler>
					<Add directory="/usr/local/include"/>
					<Add directory="/usr/src/apr-1"/>
					<Add directory="/Applications/Xcode.app/Contents/Developer/Toolchains/XcodeDefault.xctoolchain/usr/src/c++/v1"/>
					<Add directory="/usr/local/src"/>
					<Add directory="/Applications/Xcode.app/Contents/Developer/Toolchains/XcodeDefault.xctoolchain/usr/lib/clang/9.1.0/src"/>
					<Add directory="/Applications/Xcode.app/Contents/Developer/Toolchains/XcodeDefault.xctoolchain/usr/src"/>
					<Add directory="/usr/src"/>
					<Add directory="/System/Library/Frameworks"/>
					<Add directory="/Library/Frameworks"/>
				</Compiler>
				<MakeCommands>
					<Build command="/usr/bin/make -j8 -f &quot;/Users/marcus/git/ng5/Makefile&quot;  VERBOSE=1 ng5/fast"/>
					<CompileFile command="/usr/bin/make -j8 -f &quot;/Users/marcus/git/ng5/Makefile&quot;  VERBOSE=1 &quot;$file&quot;"/>
					<Clean command="/usr/bin/make -j8 -f &quot;/Users/marcus/git/ng5/Makefile&quot;  VERBOSE=1 clean"/>
					<DistClean command="/usr/bin/make -j8 -f &quot;/Users/marcus/git/ng5/Makefile&quot;  VERBOSE=1 clean"/>
				</MakeCommands>
			</Target>
			<Target title="tests">
				<Option output="/Users/marcus/git/ng5/cmake-build-debug/tests" prefix_auto="0" extension_auto="0"/>
				<Option working_dir="/Users/marcus/git/ng5/cmake-build-debug"/>
				<Option object_output="./"/>
				<Option type="1"/>
				<Option compiler="gcc"/>
				<Compiler>
					<Add directory="/usr/local/include"/>
					<Add directory="/usr/src/apr-1"/>
					<Add directory="/usr/local/Cellar/check/0.12.0/src"/>
					<Add directory="/Users/marcus/git/ng5/tests/."/>
					<Add directory="/Applications/Xcode.app/Contents/Developer/Toolchains/XcodeDefault.xctoolchain/usr/src/c++/v1"/>
					<Add directory="/usr/local/src"/>
					<Add directory="/Applications/Xcode.app/Contents/Developer/Toolchains/XcodeDefault.xctoolchain/usr/lib/clang/9.1.0/src"/>
					<Add directory="/Applications/Xcode.app/Contents/Developer/Toolchains/XcodeDefault.xctoolchain/usr/src"/>
					<Add directory="/usr/src"/>
					<Add directory="/System/Library/Frameworks"/>
					<Add directory="/Library/Frameworks"/>
				</Compiler>
				<MakeCommands>
					<Build command="/usr/bin/make -j8 -f &quot;/Users/marcus/git/ng5/tests/Makefile&quot;  VERBOSE=1 tests"/>
					<CompileFile command="/usr/bin/make -j8 -f &quot;/Users/marcus/git/ng5/tests/Makefile&quot;  VERBOSE=1 &quot;$file&quot;"/>
					<Clean command="/usr/bin/make -j8 -f &quot;/Users/marcus/git/ng5/tests/Makefile&quot;  VERBOSE=1 clean"/>
					<DistClean command="/usr/bin/make -j8 -f &quot;/Users/marcus/git/ng5/tests/Makefile&quot;  VERBOSE=1 clean"/>
				</MakeCommands>
			</Target>
			<Target title="tests/fast">
				<Option output="/Users/marcus/git/ng5/cmake-build-debug/tests" prefix_auto="0" extension_auto="0"/>
				<Option working_dir="/Users/marcus/git/ng5/cmake-build-debug"/>
				<Option object_output="./"/>
				<Option type="1"/>
				<Option compiler="gcc"/>
				<Compiler>
					<Add directory="/usr/local/include"/>
					<Add directory="/usr/src/apr-1"/>
					<Add directory="/usr/local/Cellar/check/0.12.0/src"/>
					<Add directory="/Users/marcus/git/ng5/tests/."/>
					<Add directory="/Applications/Xcode.app/Contents/Developer/Toolchains/XcodeDefault.xctoolchain/usr/src/c++/v1"/>
					<Add directory="/usr/local/src"/>
					<Add directory="/Applications/Xcode.app/Contents/Developer/Toolchains/XcodeDefault.xctoolchain/usr/lib/clang/9.1.0/src"/>
					<Add directory="/Applications/Xcode.app/Contents/Developer/Toolchains/XcodeDefault.xctoolchain/usr/src"/>
					<Add directory="/usr/src"/>
					<Add directory="/System/Library/Frameworks"/>
					<Add directory="/Library/Frameworks"/>
				</Compiler>
				<MakeCommands>
					<Build command="/usr/bin/make -j8 -f &quot;/Users/marcus/git/ng5/tests/Makefile&quot;  VERBOSE=1 tests/fast"/>
					<CompileFile command="/usr/bin/make -j8 -f &quot;/Users/marcus/git/ng5/tests/Makefile&quot;  VERBOSE=1 &quot;$file&quot;"/>
					<Clean command="/usr/bin/make -j8 -f &quot;/Users/marcus/git/ng5/tests/Makefile&quot;  VERBOSE=1 clean"/>
					<DistClean command="/usr/bin/make -j8 -f &quot;/Users/marcus/git/ng5/tests/Makefile&quot;  VERBOSE=1 clean"/>
				</MakeCommands>
			</Target>
		</Build>
		<Unit filename="/Users/marcus/git/ng5/benches/baseline/compare_cpp_dic.cpp">
			<Option target="compare_cpp"/>
		</Unit>
		<Unit filename="/Users/marcus/git/ng5/main.c">
			<Option target="ng5"/>
		</Unit>
		<Unit filename="/Users/marcus/git/ng5/src/alloc.c">
			<Option target="compare_cpp"/>
			<Option target="ng5"/>
			<Option target="tests"/>
		</Unit>
		<Unit filename="/Users/marcus/git/ng5/src/alloc.h">
			<Option target="compare_cpp"/>
			<Option target="ng5"/>
			<Option target="tests"/>
		</Unit>
		<Unit filename="/Users/marcus/git/ng5/src/alloc_tracer.c">
			<Option target="compare_cpp"/>
			<Option target="ng5"/>
			<Option target="tests"/>
		</Unit>
		<Unit filename="/Users/marcus/git/ng5/src/alloc_tracer.h">
			<Option target="compare_cpp"/>
			<Option target="ng5"/>
			<Option target="tests"/>
		</Unit>
		<Unit filename="/Users/marcus/git/ng5/src/bitmap.c">
			<Option target="compare_cpp"/>
			<Option target="ng5"/>
			<Option target="tests"/>
		</Unit>
		<Unit filename="/Users/marcus/git/ng5/src/bitmap.h">
			<Option target="compare_cpp"/>
			<Option target="ng5"/>
			<Option target="tests"/>
		</Unit>
		<Unit filename="/Users/marcus/git/ng5/src/bloomfilter.c">
			<Option target="compare_cpp"/>
			<Option target="ng5"/>
			<Option target="tests"/>
		</Unit>
		<Unit filename="/Users/marcus/git/ng5/src/bloomfilter.h">
			<Option target="compare_cpp"/>
			<Option target="ng5"/>
			<Option target="tests"/>
		</Unit>
		<Unit filename="/Users/marcus/git/ng5/src/chunkreader.c">
			<Option target="compare_cpp"/>
			<Option target="ng5"/>
			<Option target="tests"/>
		</Unit>
		<Unit filename="/Users/marcus/git/ng5/src/chunkreader.h">
			<Option target="compare_cpp"/>
			<Option target="ng5"/>
			<Option target="tests"/>
		</Unit>
		<Unit filename="/Users/marcus/git/ng5/src/slicelist.c">
			<Option target="compare_cpp"/>
			<Option target="ng5"/>
			<Option target="tests"/>
		</Unit>
		<Unit filename="/Users/marcus/git/ng5/src/slicelist.h">
			<Option target="compare_cpp"/>
			<Option target="ng5"/>
			<Option target="tests"/>
		</Unit>
		<Unit filename="/Users/marcus/git/ng5/src/slotvector.c">
			<Option target="compare_cpp"/>
			<Option target="ng5"/>
			<Option target="tests"/>
		</Unit>
		<Unit filename="/Users/marcus/git/ng5/src/slotvector.h">
			<Option target="compare_cpp"/>
			<Option target="ng5"/>
			<Option target="tests"/>
		</Unit>
		<Unit filename="/Users/marcus/git/ng5/src/lock.c">
			<Option target="compare_cpp"/>
			<Option target="ng5"/>
			<Option target="tests"/>
		</Unit>
		<Unit filename="/Users/marcus/git/ng5/src/lock.h">
			<Option target="compare_cpp"/>
			<Option target="ng5"/>
			<Option target="tests"/>
		</Unit>
		<Unit filename="/Users/marcus/git/ng5/src/strdic_async.c">
			<Option target="compare_cpp"/>
			<Option target="ng5"/>
			<Option target="tests"/>
		</Unit>
		<Unit filename="/Users/marcus/git/ng5/src/strdic_async.h">
			<Option target="compare_cpp"/>
			<Option target="ng5"/>
			<Option target="tests"/>
		</Unit>
		<Unit filename="/Users/marcus/git/ng5/src/strdic_sync.c">
			<Option target="compare_cpp"/>
			<Option target="ng5"/>
			<Option target="tests"/>
		</Unit>
		<Unit filename="/Users/marcus/git/ng5/src/strdic_sync.h">
			<Option target="compare_cpp"/>
			<Option target="ng5"/>
			<Option target="tests"/>
		</Unit>
		<Unit filename="/Users/marcus/git/ng5/src/strhash_mem.c">
			<Option target="compare_cpp"/>
			<Option target="ng5"/>
			<Option target="tests"/>
		</Unit>
		<Unit filename="/Users/marcus/git/ng5/src/strhash_mem.h">
			<Option target="compare_cpp"/>
			<Option target="ng5"/>
			<Option target="tests"/>
		</Unit>
		<Unit filename="/Users/marcus/git/ng5/src/time.c">
			<Option target="compare_cpp"/>
			<Option target="ng5"/>
			<Option target="tests"/>
		</Unit>
		<Unit filename="/Users/marcus/git/ng5/src/time.h">
			<Option target="compare_cpp"/>
			<Option target="ng5"/>
			<Option target="tests"/>
		</Unit>
		<Unit filename="/Users/marcus/git/ng5/src/vector.c">
			<Option target="compare_cpp"/>
			<Option target="ng5"/>
			<Option target="tests"/>
		</Unit>
		<Unit filename="/Users/marcus/git/ng5/src/vector.h">
			<Option target="compare_cpp"/>
			<Option target="ng5"/>
			<Option target="tests"/>
		</Unit>
		<Unit filename="/Users/marcus/git/ng5/tests/main.c">
			<Option target="tests"/>
		</Unit>
		<Unit filename="/Users/marcus/git/ng5/tests/stdx/test_slice_list.h">
			<Option target="tests"/>
		</Unit>
		<Unit filename="/Users/marcus/git/ng5/tests/stdx/test_string_dic.h">
			<Option target="tests"/>
		</Unit>
		<Unit filename="/Users/marcus/git/ng5/tests/stdx/test_string_hashtable.h">
			<Option target="tests"/>
		</Unit>
		<Unit filename="/Users/marcus/git/ng5/CMakeLists.txt">
			<Option virtualFolder="CMake Files\"/>
		</Unit>
		<Unit filename="/Users/marcus/git/ng5/cmake/modules/FindAPR.cmake">
			<Option virtualFolder="CMake Files\cmake\modules\"/>
		</Unit>
		<Unit filename="/Users/marcus/git/ng5/cmake/modules/FindCheck.cmake">
			<Option virtualFolder="CMake Files\cmake\modules\"/>
		</Unit>
		<Unit filename="/Users/marcus/git/ng5/cmake/modules/FindCheck.cmake">
			<Option virtualFolder="CMake Files\cmake\modules\"/>
		</Unit>
		<Unit filename="/Users/marcus/git/ng5/tests/CMakeLists.txt">
			<Option virtualFolder="CMake Files\tests\"/>
		</Unit>
	</Project>
</CodeBlocks_project_file>
