<?xml version="1.0" encoding="UTF-8" standalone="yes" ?>
<CodeBlocks_project_file>
   <FileVersion major="1" minor="6" />
   <Project>
      <Option title="ng5" />
      <Option makefile_is_custom="1" />
      <Option compiler="gcc" />
      <Option virtualFolders="CMake Files\;CMake Files\tests\;CMake Files\cmake\;CMake Files\cmake\modules\;" />
      <Build>
      <Target title="all">
         <Option working_dir="/Users/marcus/git/ng5" />
         <Option type="4" />
         <MakeCommands>
            <Build command="/usr/bin/make -f &quot;/Users/marcus/git/ng5/Makefile&quot;  VERBOSE=1 all" />
            <CompileFile command="/usr/bin/make -f &quot;/Users/marcus/git/ng5/Makefile&quot;  VERBOSE=1 &quot;$file&quot;" />
            <Clean command="/usr/bin/make -f &quot;/Users/marcus/git/ng5/Makefile&quot;  VERBOSE=1 clean" />
            <DistClean command="/usr/bin/make -f &quot;/Users/marcus/git/ng5/Makefile&quot;  VERBOSE=1 clean" />
         </MakeCommands>
      </Target>
      <Target title="test">
         <Option working_dir="/Users/marcus/git/ng5" />
         <Option type="4" />
         <MakeCommands>
            <Build command="/usr/bin/make -f &quot;/Users/marcus/git/ng5/Makefile&quot;  VERBOSE=1 test" />
            <CompileFile command="/usr/bin/make -f &quot;/Users/marcus/git/ng5/Makefile&quot;  VERBOSE=1 &quot;$file&quot;" />
            <Clean command="/usr/bin/make -f &quot;/Users/marcus/git/ng5/Makefile&quot;  VERBOSE=1 clean" />
            <DistClean command="/usr/bin/make -f &quot;/Users/marcus/git/ng5/Makefile&quot;  VERBOSE=1 clean" />
         </MakeCommands>
      </Target>
      <Target title="edit_cache">
         <Option working_dir="/Users/marcus/git/ng5" />
         <Option type="4" />
         <MakeCommands>
            <Build command="/usr/bin/make -f &quot;/Users/marcus/git/ng5/Makefile&quot;  VERBOSE=1 edit_cache" />
            <CompileFile command="/usr/bin/make -f &quot;/Users/marcus/git/ng5/Makefile&quot;  VERBOSE=1 &quot;$file&quot;" />
            <Clean command="/usr/bin/make -f &quot;/Users/marcus/git/ng5/Makefile&quot;  VERBOSE=1 clean" />
            <DistClean command="/usr/bin/make -f &quot;/Users/marcus/git/ng5/Makefile&quot;  VERBOSE=1 clean" />
         </MakeCommands>
      </Target>
      <Target title="rebuild_cache">
         <Option working_dir="/Users/marcus/git/ng5" />
         <Option type="4" />
         <MakeCommands>
            <Build command="/usr/bin/make -f &quot;/Users/marcus/git/ng5/Makefile&quot;  VERBOSE=1 rebuild_cache" />
            <CompileFile command="/usr/bin/make -f &quot;/Users/marcus/git/ng5/Makefile&quot;  VERBOSE=1 &quot;$file&quot;" />
            <Clean command="/usr/bin/make -f &quot;/Users/marcus/git/ng5/Makefile&quot;  VERBOSE=1 clean" />
            <DistClean command="/usr/bin/make -f &quot;/Users/marcus/git/ng5/Makefile&quot;  VERBOSE=1 clean" />
         </MakeCommands>
      </Target>
      <Target title="ng5">
         <Option output="/Users/marcus/git/ng5/ng5" prefix_auto="0" extension_auto="0" />
         <Option working_dir="/Users/marcus/git/ng5" />
         <Option object_output="./" />
         <Option type="1" />
         <Option compiler="gcc" />
         <Compiler>
            <Add directory="/Applications/Xcode.app/Contents/Developer/Toolchains/XcodeDefault.xctoolchain/usr/include" />
            <Add directory="/Applications/Xcode.app/Contents/Developer/Toolchains/XcodeDefault.xctoolchain/usr/lib/clang/9.1.0/include" />
            <Add directory="/Library/Frameworks" />
            <Add directory="/System/Library/Frameworks" />
            <Add directory="/Users/marcus/git/ng5/include" />
            <Add directory="/usr/include" />
            <Add directory="/usr/local/include" />
         </Compiler>
         <MakeCommands>
            <Build command="/usr/bin/make -f &quot;/Users/marcus/git/ng5/Makefile&quot;  VERBOSE=1 ng5" />
            <CompileFile command="/usr/bin/make -f &quot;/Users/marcus/git/ng5/Makefile&quot;  VERBOSE=1 &quot;$file&quot;" />
            <Clean command="/usr/bin/make -f &quot;/Users/marcus/git/ng5/Makefile&quot;  VERBOSE=1 clean" />
            <DistClean command="/usr/bin/make -f &quot;/Users/marcus/git/ng5/Makefile&quot;  VERBOSE=1 clean" />
         </MakeCommands>
      </Target>
      <Target title="ng5/fast">
         <Option output="/Users/marcus/git/ng5/ng5" prefix_auto="0" extension_auto="0" />
         <Option working_dir="/Users/marcus/git/ng5" />
         <Option object_output="./" />
         <Option type="1" />
         <Option compiler="gcc" />
         <Compiler>
            <Add directory="/Applications/Xcode.app/Contents/Developer/Toolchains/XcodeDefault.xctoolchain/usr/include" />
            <Add directory="/Applications/Xcode.app/Contents/Developer/Toolchains/XcodeDefault.xctoolchain/usr/lib/clang/9.1.0/include" />
            <Add directory="/Library/Frameworks" />
            <Add directory="/System/Library/Frameworks" />
            <Add directory="/Users/marcus/git/ng5/include" />
            <Add directory="/usr/include" />
            <Add directory="/usr/local/include" />
         </Compiler>
         <MakeCommands>
            <Build command="/usr/bin/make -f &quot;/Users/marcus/git/ng5/Makefile&quot;  VERBOSE=1 ng5/fast" />
            <CompileFile command="/usr/bin/make -f &quot;/Users/marcus/git/ng5/Makefile&quot;  VERBOSE=1 &quot;$file&quot;" />
            <Clean command="/usr/bin/make -f &quot;/Users/marcus/git/ng5/Makefile&quot;  VERBOSE=1 clean" />
            <DistClean command="/usr/bin/make -f &quot;/Users/marcus/git/ng5/Makefile&quot;  VERBOSE=1 clean" />
         </MakeCommands>
      </Target>
      <Target title="stdx_test_string_id_map">
         <Option output="/Users/marcus/git/ng5/tests/stdx_test_string_id_map" prefix_auto="0" extension_auto="0" />
         <Option working_dir="/Users/marcus/git/ng5/tests" />
         <Option object_output="./" />
         <Option type="1" />
         <Option compiler="gcc" />
         <Compiler>
            <Add directory="/Applications/Xcode.app/Contents/Developer/Toolchains/XcodeDefault.xctoolchain/usr/include" />
            <Add directory="/Applications/Xcode.app/Contents/Developer/Toolchains/XcodeDefault.xctoolchain/usr/lib/clang/9.1.0/include" />
            <Add directory="/Library/Frameworks" />
            <Add directory="/System/Library/Frameworks" />
            <Add directory="/Users/marcus/git/ng5/include" />
            <Add directory="/Users/marcus/git/ng5/tests/." />
            <Add directory="/usr/include" />
            <Add directory="/usr/local/Cellar/check/0.12.0/include" />
            <Add directory="/usr/local/include" />
         </Compiler>
         <MakeCommands>
            <Build command="/usr/bin/make -f &quot;/Users/marcus/git/ng5/tests/Makefile&quot;  VERBOSE=1 stdx_test_string_id_map" />
            <CompileFile command="/usr/bin/make -f &quot;/Users/marcus/git/ng5/tests/Makefile&quot;  VERBOSE=1 &quot;$file&quot;" />
            <Clean command="/usr/bin/make -f &quot;/Users/marcus/git/ng5/tests/Makefile&quot;  VERBOSE=1 clean" />
            <DistClean command="/usr/bin/make -f &quot;/Users/marcus/git/ng5/tests/Makefile&quot;  VERBOSE=1 clean" />
         </MakeCommands>
      </Target>
      <Target title="stdx_test_string_id_map/fast">
         <Option output="/Users/marcus/git/ng5/tests/stdx_test_string_id_map" prefix_auto="0" extension_auto="0" />
         <Option working_dir="/Users/marcus/git/ng5/tests" />
         <Option object_output="./" />
         <Option type="1" />
         <Option compiler="gcc" />
         <Compiler>
            <Add directory="/Applications/Xcode.app/Contents/Developer/Toolchains/XcodeDefault.xctoolchain/usr/include" />
            <Add directory="/Applications/Xcode.app/Contents/Developer/Toolchains/XcodeDefault.xctoolchain/usr/lib/clang/9.1.0/include" />
            <Add directory="/Library/Frameworks" />
            <Add directory="/System/Library/Frameworks" />
            <Add directory="/Users/marcus/git/ng5/include" />
            <Add directory="/Users/marcus/git/ng5/tests/." />
            <Add directory="/usr/include" />
            <Add directory="/usr/local/Cellar/check/0.12.0/include" />
            <Add directory="/usr/local/include" />
         </Compiler>
         <MakeCommands>
            <Build command="/usr/bin/make -f &quot;/Users/marcus/git/ng5/tests/Makefile&quot;  VERBOSE=1 stdx_test_string_id_map/fast" />
            <CompileFile command="/usr/bin/make -f &quot;/Users/marcus/git/ng5/tests/Makefile&quot;  VERBOSE=1 &quot;$file&quot;" />
            <Clean command="/usr/bin/make -f &quot;/Users/marcus/git/ng5/tests/Makefile&quot;  VERBOSE=1 clean" />
            <DistClean command="/usr/bin/make -f &quot;/Users/marcus/git/ng5/tests/Makefile&quot;  VERBOSE=1 clean" />
         </MakeCommands>
      </Target>
      </Build>
      <Unit filename="/Users/marcus/git/ng5/CMakeLists.txt">
          <Option virtualFolder="CMake Files\" />
      </Unit>
      <Unit filename="/Users/marcus/git/ng5/tests/CMakeLists.txt">
          <Option virtualFolder="CMake Files\tests\" />
      </Unit>
      <Unit filename="/Users/marcus/git/ng5/cmake/modules/FindCheck.cmake">
          <Option virtualFolder="CMake Files\cmake\modules\" />
      </Unit>
   </Project>
</CodeBlocks_project_file>
